
Microsoft Visual Studio Solution File, Format Version 12.00
# Visual Studio Version 17
VisualStudioVersion = 17.8.34525.116
MinimumVisualStudioVersion = 10.0.40219.1
Project("{9A19103F-16F7-4668-BE54-9A1E7A4F7556}") = "WebApiFeatures", "WebApiFeatures\WebApiFeatures.csproj", "{68564AC8-AAA9-42B3-A976-6D426A4F9D4F}"
EndProject
Project("{9A19103F-16F7-4668-BE54-9A1E7A4F7556}") = "SampleWebApplication", "SampleWebApplication\SampleWebApplication.csproj", "{6AC78038-A5DF-4135-B90F-50C132A262EA}"
EndProject
Project("{FAE04EC0-301F-11D3-BF4B-00C04F79EFBC}") = "WebApiFeatures.IdentityServer", "WebApiFeatures.IdentityServer\WebApiFeatures.IdentityServer.csproj", "{961F8288-DFA6-4DA9-ABC2-51F7D7AF216D}"
EndProject
Project("{FAE04EC0-301F-11D3-BF4B-00C04F79EFBC}") = "ConsoleClient", "ConsoleClient\ConsoleClient.csproj", "{8D65C72D-69FE-4994-8428-C942136572B1}"
EndProject
Global
	GlobalSection(SolutionConfigurationPlatforms) = preSolution
		Debug|Any CPU = Debug|Any CPU
		Release|Any CPU = Release|Any CPU
	EndGlobalSection
	GlobalSection(ProjectConfigurationPlatforms) = postSolution
		{68564AC8-AAA9-42B3-A976-6D426A4F9D4F}.Debug|Any CPU.ActiveCfg = Debug|Any CPU
		{68564AC8-AAA9-42B3-A976-6D426A4F9D4F}.Debug|Any CPU.Build.0 = Debug|Any CPU
		{68564AC8-AAA9-42B3-A976-6D426A4F9D4F}.Release|Any CPU.ActiveCfg = Release|Any CPU
		{68564AC8-AAA9-42B3-A976-6D426A4F9D4F}.Release|Any CPU.Build.0 = Release|Any CPU
		{6AC78038-A5DF-4135-B90F-50C132A262EA}.Debug|Any CPU.ActiveCfg = Debug|Any CPU
		{6AC78038-A5DF-4135-B90F-50C132A262EA}.Debug|Any CPU.Build.0 = Debug|Any CPU
		{6AC78038-A5DF-4135-B90F-50C132A262EA}.Release|Any CPU.ActiveCfg = Release|Any CPU
		{6AC78038-A5DF-4135-B90F-50C132A262EA}.Release|Any CPU.Build.0 = Release|Any CPU
		{961F8288-DFA6-4DA9-ABC2-51F7D7AF216D}.Debug|Any CPU.ActiveCfg = Debug|Any CPU
		{961F8288-DFA6-4DA9-ABC2-51F7D7AF216D}.Debug|Any CPU.Build.0 = Debug|Any CPU
		{961F8288-DFA6-4DA9-ABC2-51F7D7AF216D}.Release|Any CPU.ActiveCfg = Release|Any CPU
		{961F8288-DFA6-4DA9-ABC2-51F7D7AF216D}.Release|Any CPU.Build.0 = Release|Any CPU
		{8D65C72D-69FE-4994-8428-C942136572B1}.Debug|Any CPU.ActiveCfg = Debug|Any CPU
		{8D65C72D-69FE-4994-8428-C942136572B1}.Debug|Any CPU.Build.0 = Debug|Any CPU
		{8D65C72D-69FE-4994-8428-C942136572B1}.Release|Any CPU.ActiveCfg = Release|Any CPU
		{8D65C72D-69FE-4994-8428-C942136572B1}.Release|Any CPU.Build.0 = Release|Any CPU
	EndGlobalSection
	GlobalSection(SolutionProperties) = preSolution
		HideSolutionNode = FALSE
	EndGlobalSection
	GlobalSection(ExtensibilityGlobals) = postSolution
		SolutionGuid = {52BF6C0B-8CB4-461A-85C5-0D10C4DF44D5}
	EndGlobalSection
EndGlobal
